// !$*UTF8*$!
{
	archiveVersion = 1;
	classes = {
	};
	objectVersion = 48;
	objects = {

/* Begin PBXBuildFile section */
		0FE81A8A0BE7CBCE1C1289C6 /* Pods_WeatherGift.framework in Frameworks */ = {isa = PBXBuildFile; fileRef = BADBD8F9458E2D6F12843DA6 /* Pods_WeatherGift.framework */; };
		C315F5813BAEF5AE7DE91582 /* Pods_WeatherGiftTests.framework in Frameworks */ = {isa = PBXBuildFile; fileRef = 11E035DD6CE58AB25572C6D6 /* Pods_WeatherGiftTests.framework */; };
		DF5095242050E45D00BE31F0 /* AppDelegate.swift in Sources */ = {isa = PBXBuildFile; fileRef = DF5095232050E45D00BE31F0 /* AppDelegate.swift */; };
		DF5095292050E45D00BE31F0 /* Main.storyboard in Resources */ = {isa = PBXBuildFile; fileRef = DF5095272050E45D00BE31F0 /* Main.storyboard */; };
		DF50952B2050E45D00BE31F0 /* Assets.xcassets in Resources */ = {isa = PBXBuildFile; fileRef = DF50952A2050E45D00BE31F0 /* Assets.xcassets */; };
		DF50952E2050E45D00BE31F0 /* LaunchScreen.storyboard in Resources */ = {isa = PBXBuildFile; fileRef = DF50952C2050E45D00BE31F0 /* LaunchScreen.storyboard */; };
		DF5095392050E45D00BE31F0 /* WeatherGiftTests.swift in Sources */ = {isa = PBXBuildFile; fileRef = DF5095382050E45D00BE31F0 /* WeatherGiftTests.swift */; };
		DF5095442050E45D00BE31F0 /* WeatherGiftUITests.swift in Sources */ = {isa = PBXBuildFile; fileRef = DF5095432050E45D00BE31F0 /* WeatherGiftUITests.swift */; };
		DF5095522050F39800BE31F0 /* DetailVC.swift in Sources */ = {isa = PBXBuildFile; fileRef = DF5095512050F39800BE31F0 /* DetailVC.swift */; };
		DF5095542050F84C00BE31F0 /* ListVC.swift in Sources */ = {isa = PBXBuildFile; fileRef = DF5095532050F84C00BE31F0 /* ListVC.swift */; };
		DF5095562050F9C800BE31F0 /* PageVC.swift in Sources */ = {isa = PBXBuildFile; fileRef = DF5095552050F9C800BE31F0 /* PageVC.swift */; };
		DF58F35820686B8100B2886C /* WeatherLocation.swift in Sources */ = {isa = PBXBuildFile; fileRef = DF58F35720686B8100B2886C /* WeatherLocation.swift */; };
		DF58F35C206897AB00B2886C /* Constants.swift in Sources */ = {isa = PBXBuildFile; fileRef = DF58F35B206897AB00B2886C /* Constants.swift */; };
		F848DB6801A9D41949844AA6 /* Pods_WeatherGiftUITests.framework in Frameworks */ = {isa = PBXBuildFile; fileRef = C69D53C952B241A9FC32EA01 /* Pods_WeatherGiftUITests.framework */; };
/* End PBXBuildFile section */

/* Begin PBXContainerItemProxy section */
		DF5095352050E45D00BE31F0 /* PBXContainerItemProxy */ = {
			isa = PBXContainerItemProxy;
			containerPortal = DF5095182050E45D00BE31F0 /* Project object */;
			proxyType = 1;
			remoteGlobalIDString = DF50951F2050E45D00BE31F0;
			remoteInfo = WeatherGift;
		};
		DF5095402050E45D00BE31F0 /* PBXContainerItemProxy */ = {
			isa = PBXContainerItemProxy;
			containerPortal = DF5095182050E45D00BE31F0 /* Project object */;
			proxyType = 1;
			remoteGlobalIDString = DF50951F2050E45D00BE31F0;
			remoteInfo = WeatherGift;
		};
/* End PBXContainerItemProxy section */

/* Begin PBXFileReference section */
		11E035DD6CE58AB25572C6D6 /* Pods_WeatherGiftTests.framework */ = {isa = PBXFileReference; explicitFileType = wrapper.framework; includeInIndex = 0; path = Pods_WeatherGiftTests.framework; sourceTree = BUILT_PRODUCTS_DIR; };
		1922ED591A684E65E9FBA7D8 /* Pods-WeatherGiftUITests.release.xcconfig */ = {isa = PBXFileReference; includeInIndex = 1; lastKnownFileType = text.xcconfig; name = "Pods-WeatherGiftUITests.release.xcconfig"; path = "Pods/Target Support Files/Pods-WeatherGiftUITests/Pods-WeatherGiftUITests.release.xcconfig"; sourceTree = "<group>"; };
		B6F96F02BC96F0A28C17A5ED /* Pods-WeatherGiftTests.release.xcconfig */ = {isa = PBXFileReference; includeInIndex = 1; lastKnownFileType = text.xcconfig; name = "Pods-WeatherGiftTests.release.xcconfig"; path = "Pods/Target Support Files/Pods-WeatherGiftTests/Pods-WeatherGiftTests.release.xcconfig"; sourceTree = "<group>"; };
		B76202FF572074134A36DB30 /* Pods-WeatherGiftTests.debug.xcconfig */ = {isa = PBXFileReference; includeInIndex = 1; lastKnownFileType = text.xcconfig; name = "Pods-WeatherGiftTests.debug.xcconfig"; path = "Pods/Target Support Files/Pods-WeatherGiftTests/Pods-WeatherGiftTests.debug.xcconfig"; sourceTree = "<group>"; };
		BA66262BC0A7680A3DE2FA87 /* Pods-WeatherGift.debug.xcconfig */ = {isa = PBXFileReference; includeInIndex = 1; lastKnownFileType = text.xcconfig; name = "Pods-WeatherGift.debug.xcconfig"; path = "Pods/Target Support Files/Pods-WeatherGift/Pods-WeatherGift.debug.xcconfig"; sourceTree = "<group>"; };
		BADBD8F9458E2D6F12843DA6 /* Pods_WeatherGift.framework */ = {isa = PBXFileReference; explicitFileType = wrapper.framework; includeInIndex = 0; path = Pods_WeatherGift.framework; sourceTree = BUILT_PRODUCTS_DIR; };
		C6640DD7EF2BC30A6B6FB366 /* Pods-WeatherGift.release.xcconfig */ = {isa = PBXFileReference; includeInIndex = 1; lastKnownFileType = text.xcconfig; name = "Pods-WeatherGift.release.xcconfig"; path = "Pods/Target Support Files/Pods-WeatherGift/Pods-WeatherGift.release.xcconfig"; sourceTree = "<group>"; };
		C69D53C952B241A9FC32EA01 /* Pods_WeatherGiftUITests.framework */ = {isa = PBXFileReference; explicitFileType = wrapper.framework; includeInIndex = 0; path = Pods_WeatherGiftUITests.framework; sourceTree = BUILT_PRODUCTS_DIR; };
		DF5095202050E45D00BE31F0 /* WeatherGift.app */ = {isa = PBXFileReference; explicitFileType = wrapper.application; includeInIndex = 0; path = WeatherGift.app; sourceTree = BUILT_PRODUCTS_DIR; };
		DF5095232050E45D00BE31F0 /* AppDelegate.swift */ = {isa = PBXFileReference; lastKnownFileType = sourcecode.swift; path = AppDelegate.swift; sourceTree = "<group>"; };
		DF5095282050E45D00BE31F0 /* Base */ = {isa = PBXFileReference; lastKnownFileType = file.storyboard; name = Base; path = Base.lproj/Main.storyboard; sourceTree = "<group>"; };
		DF50952A2050E45D00BE31F0 /* Assets.xcassets */ = {isa = PBXFileReference; lastKnownFileType = folder.assetcatalog; path = Assets.xcassets; sourceTree = "<group>"; };
		DF50952D2050E45D00BE31F0 /* Base */ = {isa = PBXFileReference; lastKnownFileType = file.storyboard; name = Base; path = Base.lproj/LaunchScreen.storyboard; sourceTree = "<group>"; };
		DF50952F2050E45D00BE31F0 /* Info.plist */ = {isa = PBXFileReference; lastKnownFileType = text.plist.xml; path = Info.plist; sourceTree = "<group>"; };
		DF5095342050E45D00BE31F0 /* WeatherGiftTests.xctest */ = {isa = PBXFileReference; explicitFileType = wrapper.cfbundle; includeInIndex = 0; path = WeatherGiftTests.xctest; sourceTree = BUILT_PRODUCTS_DIR; };
		DF5095382050E45D00BE31F0 /* WeatherGiftTests.swift */ = {isa = PBXFileReference; lastKnownFileType = sourcecode.swift; path = WeatherGiftTests.swift; sourceTree = "<group>"; };
		DF50953A2050E45D00BE31F0 /* Info.plist */ = {isa = PBXFileReference; lastKnownFileType = text.plist.xml; path = Info.plist; sourceTree = "<group>"; };
		DF50953F2050E45D00BE31F0 /* WeatherGiftUITests.xctest */ = {isa = PBXFileReference; explicitFileType = wrapper.cfbundle; includeInIndex = 0; path = WeatherGiftUITests.xctest; sourceTree = BUILT_PRODUCTS_DIR; };
		DF5095432050E45D00BE31F0 /* WeatherGiftUITests.swift */ = {isa = PBXFileReference; lastKnownFileType = sourcecode.swift; path = WeatherGiftUITests.swift; sourceTree = "<group>"; };
		DF5095452050E45D00BE31F0 /* Info.plist */ = {isa = PBXFileReference; lastKnownFileType = text.plist.xml; path = Info.plist; sourceTree = "<group>"; };
		DF5095512050F39800BE31F0 /* DetailVC.swift */ = {isa = PBXFileReference; lastKnownFileType = sourcecode.swift; path = DetailVC.swift; sourceTree = "<group>"; };
		DF5095532050F84C00BE31F0 /* ListVC.swift */ = {isa = PBXFileReference; lastKnownFileType = sourcecode.swift; path = ListVC.swift; sourceTree = "<group>"; };
		DF5095552050F9C800BE31F0 /* PageVC.swift */ = {isa = PBXFileReference; lastKnownFileType = sourcecode.swift; path = PageVC.swift; sourceTree = "<group>"; };
		DF58F35720686B8100B2886C /* WeatherLocation.swift */ = {isa = PBXFileReference; lastKnownFileType = sourcecode.swift; path = WeatherLocation.swift; sourceTree = "<group>"; };
		DF58F35B206897AB00B2886C /* Constants.swift */ = {isa = PBXFileReference; lastKnownFileType = sourcecode.swift; path = Constants.swift; sourceTree = "<group>"; };
		E0F8A8791AE6A69B488C1423 /* Pods-WeatherGiftUITests.debug.xcconfig */ = {isa = PBXFileReference; includeInIndex = 1; lastKnownFileType = text.xcconfig; name = "Pods-WeatherGiftUITests.debug.xcconfig"; path = "Pods/Target Support Files/Pods-WeatherGiftUITests/Pods-WeatherGiftUITests.debug.xcconfig"; sourceTree = "<group>"; };
/* End PBXFileReference section */

/* Begin PBXFrameworksBuildPhase section */
		DF50951D2050E45D00BE31F0 /* Frameworks */ = {
			isa = PBXFrameworksBuildPhase;
			buildActionMask = 2147483647;
			files = (
				0FE81A8A0BE7CBCE1C1289C6 /* Pods_WeatherGift.framework in Frameworks */,
			);
			runOnlyForDeploymentPostprocessing = 0;
		};
		DF5095312050E45D00BE31F0 /* Frameworks */ = {
			isa = PBXFrameworksBuildPhase;
			buildActionMask = 2147483647;
			files = (
				C315F5813BAEF5AE7DE91582 /* Pods_WeatherGiftTests.framework in Frameworks */,
			);
			runOnlyForDeploymentPostprocessing = 0;
		};
		DF50953C2050E45D00BE31F0 /* Frameworks */ = {
			isa = PBXFrameworksBuildPhase;
			buildActionMask = 2147483647;
			files = (
				F848DB6801A9D41949844AA6 /* Pods_WeatherGiftUITests.framework in Frameworks */,
			);
			runOnlyForDeploymentPostprocessing = 0;
		};
/* End PBXFrameworksBuildPhase section */

/* Begin PBXGroup section */
		35610068025090469D05FC98 /* Frameworks */ = {
			isa = PBXGroup;
			children = (
				BADBD8F9458E2D6F12843DA6 /* Pods_WeatherGift.framework */,
				11E035DD6CE58AB25572C6D6 /* Pods_WeatherGiftTests.framework */,
				C69D53C952B241A9FC32EA01 /* Pods_WeatherGiftUITests.framework */,
			);
			name = Frameworks;
			sourceTree = "<group>";
		};
		364B23E8F85A22C27187CF60 /* Pods */ = {
			isa = PBXGroup;
			children = (
				BA66262BC0A7680A3DE2FA87 /* Pods-WeatherGift.debug.xcconfig */,
				C6640DD7EF2BC30A6B6FB366 /* Pods-WeatherGift.release.xcconfig */,
				B76202FF572074134A36DB30 /* Pods-WeatherGiftTests.debug.xcconfig */,
				B6F96F02BC96F0A28C17A5ED /* Pods-WeatherGiftTests.release.xcconfig */,
				E0F8A8791AE6A69B488C1423 /* Pods-WeatherGiftUITests.debug.xcconfig */,
				1922ED591A684E65E9FBA7D8 /* Pods-WeatherGiftUITests.release.xcconfig */,
			);
			name = Pods;
			sourceTree = "<group>";
		};
		DF5095172050E45D00BE31F0 = {
			isa = PBXGroup;
			children = (
				DF5095222050E45D00BE31F0 /* WeatherGift */,
				DF5095372050E45D00BE31F0 /* WeatherGiftTests */,
				DF5095422050E45D00BE31F0 /* WeatherGiftUITests */,
				DF5095212050E45D00BE31F0 /* Products */,
				364B23E8F85A22C27187CF60 /* Pods */,
				35610068025090469D05FC98 /* Frameworks */,
			);
			sourceTree = "<group>";
		};
		DF5095212050E45D00BE31F0 /* Products */ = {
			isa = PBXGroup;
			children = (
				DF5095202050E45D00BE31F0 /* WeatherGift.app */,
				DF5095342050E45D00BE31F0 /* WeatherGiftTests.xctest */,
				DF50953F2050E45D00BE31F0 /* WeatherGiftUITests.xctest */,
			);
			name = Products;
			sourceTree = "<group>";
		};
		DF5095222050E45D00BE31F0 /* WeatherGift */ = {
			isa = PBXGroup;
			children = (
				DF5095232050E45D00BE31F0 /* AppDelegate.swift */,
				DF58F35720686B8100B2886C /* WeatherLocation.swift */,
				DF5095552050F9C800BE31F0 /* PageVC.swift */,
				DF58F35B206897AB00B2886C /* Constants.swift */,
				DF5095512050F39800BE31F0 /* DetailVC.swift */,
				DF5095532050F84C00BE31F0 /* ListVC.swift */,
				DF5095272050E45D00BE31F0 /* Main.storyboard */,
				DF50952A2050E45D00BE31F0 /* Assets.xcassets */,
				DF50952C2050E45D00BE31F0 /* LaunchScreen.storyboard */,
				DF50952F2050E45D00BE31F0 /* Info.plist */,
			);
			path = WeatherGift;
			sourceTree = "<group>";
		};
		DF5095372050E45D00BE31F0 /* WeatherGiftTests */ = {
			isa = PBXGroup;
			children = (
				DF5095382050E45D00BE31F0 /* WeatherGiftTests.swift */,
				DF50953A2050E45D00BE31F0 /* Info.plist */,
			);
			path = WeatherGiftTests;
			sourceTree = "<group>";
		};
		DF5095422050E45D00BE31F0 /* WeatherGiftUITests */ = {
			isa = PBXGroup;
			children = (
				DF5095432050E45D00BE31F0 /* WeatherGiftUITests.swift */,
				DF5095452050E45D00BE31F0 /* Info.plist */,
			);
			path = WeatherGiftUITests;
			sourceTree = "<group>";
		};
/* End PBXGroup section */

/* Begin PBXNativeTarget section */
		DF50951F2050E45D00BE31F0 /* WeatherGift */ = {
			isa = PBXNativeTarget;
			buildConfigurationList = DF5095482050E45D00BE31F0 /* Build configuration list for PBXNativeTarget "WeatherGift" */;
			buildPhases = (
				7F653D1B5BAF0F861390EA9F /* [CP] Check Pods Manifest.lock */,
				DF50951C2050E45D00BE31F0 /* Sources */,
				DF50951D2050E45D00BE31F0 /* Frameworks */,
				DF50951E2050E45D00BE31F0 /* Resources */,
				9B9D940228D570316D56AD41 /* [CP] Embed Pods Frameworks */,
				4DFFC262ADA3C2B650A76934 /* [CP] Copy Pods Resources */,
			);
			buildRules = (
			);
			dependencies = (
			);
			name = WeatherGift;
			productName = WeatherGift;
			productReference = DF5095202050E45D00BE31F0 /* WeatherGift.app */;
			productType = "com.apple.product-type.application";
		};
		DF5095332050E45D00BE31F0 /* WeatherGiftTests */ = {
			isa = PBXNativeTarget;
			buildConfigurationList = DF50954B2050E45D00BE31F0 /* Build configuration list for PBXNativeTarget "WeatherGiftTests" */;
			buildPhases = (
				445215BE6E764C8C5E39C844 /* [CP] Check Pods Manifest.lock */,
				DF5095302050E45D00BE31F0 /* Sources */,
				DF5095312050E45D00BE31F0 /* Frameworks */,
				DF5095322050E45D00BE31F0 /* Resources */,
				87A4FF7CACBC8CFB7D678002 /* [CP] Embed Pods Frameworks */,
				2971450BE1C29A77D8034B22 /* [CP] Copy Pods Resources */,
			);
			buildRules = (
			);
			dependencies = (
				DF5095362050E45D00BE31F0 /* PBXTargetDependency */,
			);
			name = WeatherGiftTests;
			productName = WeatherGiftTests;
			productReference = DF5095342050E45D00BE31F0 /* WeatherGiftTests.xctest */;
			productType = "com.apple.product-type.bundle.unit-test";
		};
		DF50953E2050E45D00BE31F0 /* WeatherGiftUITests */ = {
			isa = PBXNativeTarget;
			buildConfigurationList = DF50954E2050E45D00BE31F0 /* Build configuration list for PBXNativeTarget "WeatherGiftUITests" */;
			buildPhases = (
				A7046E1E641A95385B38055E /* [CP] Check Pods Manifest.lock */,
				DF50953B2050E45D00BE31F0 /* Sources */,
				DF50953C2050E45D00BE31F0 /* Frameworks */,
				DF50953D2050E45D00BE31F0 /* Resources */,
				C81492699D89E2734BD98C16 /* [CP] Embed Pods Frameworks */,
				CFFFFDE98937A4D13632E322 /* [CP] Copy Pods Resources */,
			);
			buildRules = (
			);
			dependencies = (
				DF5095412050E45D00BE31F0 /* PBXTargetDependency */,
			);
			name = WeatherGiftUITests;
			productName = WeatherGiftUITests;
			productReference = DF50953F2050E45D00BE31F0 /* WeatherGiftUITests.xctest */;
			productType = "com.apple.product-type.bundle.ui-testing";
		};
/* End PBXNativeTarget section */

/* Begin PBXProject section */
		DF5095182050E45D00BE31F0 /* Project object */ = {
			isa = PBXProject;
			attributes = {
				LastSwiftUpdateCheck = 0920;
				LastUpgradeCheck = 0920;
				ORGANIZATIONNAME = "Anthony Zhao";
				TargetAttributes = {
					DF50951F2050E45D00BE31F0 = {
						CreatedOnToolsVersion = 9.2;
						ProvisioningStyle = Automatic;
					};
					DF5095332050E45D00BE31F0 = {
						CreatedOnToolsVersion = 9.2;
						ProvisioningStyle = Automatic;
						TestTargetID = DF50951F2050E45D00BE31F0;
					};
					DF50953E2050E45D00BE31F0 = {
						CreatedOnToolsVersion = 9.2;
						ProvisioningStyle = Automatic;
						TestTargetID = DF50951F2050E45D00BE31F0;
					};
				};
			};
			buildConfigurationList = DF50951B2050E45D00BE31F0 /* Build configuration list for PBXProject "WeatherGift" */;
			compatibilityVersion = "Xcode 8.0";
			developmentRegion = en;
			hasScannedForEncodings = 0;
			knownRegions = (
				en,
				Base,
			);
			mainGroup = DF5095172050E45D00BE31F0;
			productRefGroup = DF5095212050E45D00BE31F0 /* Products */;
			projectDirPath = "";
			projectRoot = "";
			targets = (
				DF50951F2050E45D00BE31F0 /* WeatherGift */,
				DF5095332050E45D00BE31F0 /* WeatherGiftTests */,
				DF50953E2050E45D00BE31F0 /* WeatherGiftUITests */,
			);
		};
/* End PBXProject section */

/* Begin PBXResourcesBuildPhase section */
		DF50951E2050E45D00BE31F0 /* Resources */ = {
			isa = PBXResourcesBuildPhase;
			buildActionMask = 2147483647;
			files = (
				DF50952E2050E45D00BE31F0 /* LaunchScreen.storyboard in Resources */,
				DF50952B2050E45D00BE31F0 /* Assets.xcassets in Resources */,
				DF5095292050E45D00BE31F0 /* Main.storyboard in Resources */,
			);
			runOnlyForDeploymentPostprocessing = 0;
		};
		DF5095322050E45D00BE31F0 /* Resources */ = {
			isa = PBXResourcesBuildPhase;
			buildActionMask = 2147483647;
			files = (
			);
			runOnlyForDeploymentPostprocessing = 0;
		};
		DF50953D2050E45D00BE31F0 /* Resources */ = {
			isa = PBXResourcesBuildPhase;
			buildActionMask = 2147483647;
			files = (
			);
			runOnlyForDeploymentPostprocessing = 0;
		};
/* End PBXResourcesBuildPhase section */

/* Begin PBXShellScriptBuildPhase section */
		2971450BE1C29A77D8034B22 /* [CP] Copy Pods Resources */ = {
			isa = PBXShellScriptBuildPhase;
			buildActionMask = 2147483647;
			files = (
			);
			inputPaths = (
			);
			name = "[CP] Copy Pods Resources";
			outputPaths = (
			);
			runOnlyForDeploymentPostprocessing = 0;
			shellPath = /bin/sh;
			shellScript = "\"${SRCROOT}/Pods/Target Support Files/Pods-WeatherGiftTests/Pods-WeatherGiftTests-resources.sh\"\n";
			showEnvVarsInLog = 0;
		};
		445215BE6E764C8C5E39C844 /* [CP] Check Pods Manifest.lock */ = {
			isa = PBXShellScriptBuildPhase;
			buildActionMask = 2147483647;
			files = (
			);
			inputPaths = (
				"${PODS_PODFILE_DIR_PATH}/Podfile.lock",
				"${PODS_ROOT}/Manifest.lock",
			);
			name = "[CP] Check Pods Manifest.lock";
			outputPaths = (
				"$(DERIVED_FILE_DIR)/Pods-WeatherGiftTests-checkManifestLockResult.txt",
			);
			runOnlyForDeploymentPostprocessing = 0;
			shellPath = /bin/sh;
			shellScript = "diff \"${PODS_PODFILE_DIR_PATH}/Podfile.lock\" \"${PODS_ROOT}/Manifest.lock\" > /dev/null\nif [ $? != 0 ] ; then\n    # print error to STDERR\n    echo \"error: The sandbox is not in sync with the Podfile.lock. Run 'pod install' or update your CocoaPods installation.\" >&2\n    exit 1\nfi\n# This output is used by Xcode 'outputs' to avoid re-running this script phase.\necho \"SUCCESS\" > \"${SCRIPT_OUTPUT_FILE_0}\"\n";
			showEnvVarsInLog = 0;
		};
		4DFFC262ADA3C2B650A76934 /* [CP] Copy Pods Resources */ = {
			isa = PBXShellScriptBuildPhase;
			buildActionMask = 2147483647;
			files = (
			);
			inputPaths = (
				"${SRCROOT}/Pods/Target Support Files/Pods-WeatherGift/Pods-WeatherGift-resources.sh",
				"${PODS_ROOT}/GooglePlaces/Frameworks/GooglePlaces.framework/Resources/GooglePlaces.bundle",
			);
			name = "[CP] Copy Pods Resources";
			outputPaths = (
				"${TARGET_BUILD_DIR}/${UNLOCALIZED_RESOURCES_FOLDER_PATH}/GooglePlaces.bundle",
			);
			runOnlyForDeploymentPostprocessing = 0;
			shellPath = /bin/sh;
			shellScript = "\"${SRCROOT}/Pods/Target Support Files/Pods-WeatherGift/Pods-WeatherGift-resources.sh\"\n";
			showEnvVarsInLog = 0;
		};
		7F653D1B5BAF0F861390EA9F /* [CP] Check Pods Manifest.lock */ = {
			isa = PBXShellScriptBuildPhase;
			buildActionMask = 2147483647;
			files = (
			);
			inputPaths = (
				"${PODS_PODFILE_DIR_PATH}/Podfile.lock",
				"${PODS_ROOT}/Manifest.lock",
			);
			name = "[CP] Check Pods Manifest.lock";
			outputPaths = (
				"$(DERIVED_FILE_DIR)/Pods-WeatherGift-checkManifestLockResult.txt",
			);
			runOnlyForDeploymentPostprocessing = 0;
			shellPath = /bin/sh;
			shellScript = "diff \"${PODS_PODFILE_DIR_PATH}/Podfile.lock\" \"${PODS_ROOT}/Manifest.lock\" > /dev/null\nif [ $? != 0 ] ; then\n    # print error to STDERR\n    echo \"error: The sandbox is not in sync with the Podfile.lock. Run 'pod install' or update your CocoaPods installation.\" >&2\n    exit 1\nfi\n# This output is used by Xcode 'outputs' to avoid re-running this script phase.\necho \"SUCCESS\" > \"${SCRIPT_OUTPUT_FILE_0}\"\n";
			showEnvVarsInLog = 0;
		};
		87A4FF7CACBC8CFB7D678002 /* [CP] Embed Pods Frameworks */ = {
			isa = PBXShellScriptBuildPhase;
			buildActionMask = 2147483647;
			files = (
			);
			inputPaths = (
			);
			name = "[CP] Embed Pods Frameworks";
			outputPaths = (
			);
			runOnlyForDeploymentPostprocessing = 0;
			shellPath = /bin/sh;
			shellScript = "\"${SRCROOT}/Pods/Target Support Files/Pods-WeatherGiftTests/Pods-WeatherGiftTests-frameworks.sh\"\n";
			showEnvVarsInLog = 0;
		};
		9B9D940228D570316D56AD41 /* [CP] Embed Pods Frameworks */ = {
			isa = PBXShellScriptBuildPhase;
			buildActionMask = 2147483647;
			files = (
			);
			inputPaths = (
				"${SRCROOT}/Pods/Target Support Files/Pods-WeatherGift/Pods-WeatherGift-frameworks.sh",
				"${BUILT_PRODUCTS_DIR}/Alamofire/Alamofire.framework",
				"${BUILT_PRODUCTS_DIR}/SwiftyJSON/SwiftyJSON.framework",
			);
			name = "[CP] Embed Pods Frameworks";
			outputPaths = (
				"${TARGET_BUILD_DIR}/${FRAMEWORKS_FOLDER_PATH}/Alamofire.framework",
				"${TARGET_BUILD_DIR}/${FRAMEWORKS_FOLDER_PATH}/SwiftyJSON.framework",
			);
			runOnlyForDeploymentPostprocessing = 0;
			shellPath = /bin/sh;
			shellScript = "\"${SRCROOT}/Pods/Target Support Files/Pods-WeatherGift/Pods-WeatherGift-frameworks.sh\"\n";
			showEnvVarsInLog = 0;
		};
		A7046E1E641A95385B38055E /* [CP] Check Pods Manifest.lock */ = {
			isa = PBXShellScriptBuildPhase;
			buildActionMask = 2147483647;
			files = (
			);
			inputPaths = (
				"${PODS_PODFILE_DIR_PATH}/Podfile.lock",
				"${PODS_ROOT}/Manifest.lock",
			);
			name = "[CP] Check Pods Manifest.lock";
			outputPaths = (
				"$(DERIVED_FILE_DIR)/Pods-WeatherGiftUITests-checkManifestLockResult.txt",
			);
			runOnlyForDeploymentPostprocessing = 0;
			shellPath = /bin/sh;
			shellScript = "diff \"${PODS_PODFILE_DIR_PATH}/Podfile.lock\" \"${PODS_ROOT}/Manifest.lock\" > /dev/null\nif [ $? != 0 ] ; then\n    # print error to STDERR\n    echo \"error: The sandbox is not in sync with the Podfile.lock. Run 'pod install' or update your CocoaPods installation.\" >&2\n    exit 1\nfi\n# This output is used by Xcode 'outputs' to avoid re-running this script phase.\necho \"SUCCESS\" > \"${SCRIPT_OUTPUT_FILE_0}\"\n";
			showEnvVarsInLog = 0;
		};
		C81492699D89E2734BD98C16 /* [CP] Embed Pods Frameworks */ = {
			isa = PBXShellScriptBuildPhase;
			buildActionMask = 2147483647;
			files = (
			);
			inputPaths = (
			);
			name = "[CP] Embed Pods Frameworks";
			outputPaths = (
			);
			runOnlyForDeploymentPostprocessing = 0;
			shellPath = /bin/sh;
			shellScript = "\"${SRCROOT}/Pods/Target Support Files/Pods-WeatherGiftUITests/Pods-WeatherGiftUITests-frameworks.sh\"\n";
			showEnvVarsInLog = 0;
		};
		CFFFFDE98937A4D13632E322 /* [CP] Copy Pods Resources */ = {
			isa = PBXShellScriptBuildPhase;
			buildActionMask = 2147483647;
			files = (
			);
			inputPaths = (
			);
			name = "[CP] Copy Pods Resources";
			outputPaths = (
			);
			runOnlyForDeploymentPostprocessing = 0;
			shellPath = /bin/sh;
			shellScript = "\"${SRCROOT}/Pods/Target Support Files/Pods-WeatherGiftUITests/Pods-WeatherGiftUITests-resources.sh\"\n";
			showEnvVarsInLog = 0;
		};
/* End PBXShellScriptBuildPhase section */

/* Begin PBXSourcesBuildPhase section */
		DF50951C2050E45D00BE31F0 /* Sources */ = {
			isa = PBXSourcesBuildPhase;
			buildActionMask = 2147483647;
			files = (
				DF58F35820686B8100B2886C /* WeatherLocation.swift in Sources */,
				DF5095542050F84C00BE31F0 /* ListVC.swift in Sources */,
				DF5095562050F9C800BE31F0 /* PageVC.swift in Sources */,
				DF5095242050E45D00BE31F0 /* AppDelegate.swift in Sources */,
				DF5095522050F39800BE31F0 /* DetailVC.swift in Sources */,
				DF58F35C206897AB00B2886C /* Constants.swift in Sources */,
			);
			runOnlyForDeploymentPostprocessing = 0;
		};
		DF5095302050E45D00BE31F0 /* Sources */ = {
			isa = PBXSourcesBuildPhase;
			buildActionMask = 2147483647;
			files = (
				DF5095392050E45D00BE31F0 /* WeatherGiftTests.swift in Sources */,
			);
			runOnlyForDeploymentPostprocessing = 0;
		};
		DF50953B2050E45D00BE31F0 /* Sources */ = {
			isa = PBXSourcesBuildPhase;
			buildActionMask = 2147483647;
			files = (
				DF5095442050E45D00BE31F0 /* WeatherGiftUITests.swift in Sources */,
			);
			runOnlyForDeploymentPostprocessing = 0;
		};
/* End PBXSourcesBuildPhase section */

/* Begin PBXTargetDependency section */
		DF5095362050E45D00BE31F0 /* PBXTargetDependency */ = {
			isa = PBXTargetDependency;
			target = DF50951F2050E45D00BE31F0 /* WeatherGift */;
			targetProxy = DF5095352050E45D00BE31F0 /* PBXContainerItemProxy */;
		};
		DF5095412050E45D00BE31F0 /* PBXTargetDependency */ = {
			isa = PBXTargetDependency;
			target = DF50951F2050E45D00BE31F0 /* WeatherGift */;
			targetProxy = DF5095402050E45D00BE31F0 /* PBXContainerItemProxy */;
		};
/* End PBXTargetDependency section */

/* Begin PBXVariantGroup section */
		DF5095272050E45D00BE31F0 /* Main.storyboard */ = {
			isa = PBXVariantGroup;
			children = (
				DF5095282050E45D00BE31F0 /* Base */,
			);
			name = Main.storyboard;
			sourceTree = "<group>";
		};
		DF50952C2050E45D00BE31F0 /* LaunchScreen.storyboard */ = {
			isa = PBXVariantGroup;
			children = (
				DF50952D2050E45D00BE31F0 /* Base */,
			);
			name = LaunchScreen.storyboard;
			sourceTree = "<group>";
		};
/* End PBXVariantGroup section */

/* Begin XCBuildConfiguration section */
		DF5095462050E45D00BE31F0 /* Debug */ = {
			isa = XCBuildConfiguration;
			buildSettings = {
				ALWAYS_SEARCH_USER_PATHS = NO;
				CLANG_ANALYZER_NONNULL = YES;
				CLANG_ANALYZER_NUMBER_OBJECT_CONVERSION = YES_AGGRESSIVE;
				CLANG_CXX_LANGUAGE_STANDARD = "gnu++14";
				CLANG_CXX_LIBRARY = "libc++";
				CLANG_ENABLE_MODULES = YES;
				CLANG_ENABLE_OBJC_ARC = YES;
				CLANG_WARN_BLOCK_CAPTURE_AUTORELEASING = YES;
				CLANG_WARN_BOOL_CONVERSION = YES;
				CLANG_WARN_COMMA = YES;
				CLANG_WARN_CONSTANT_CONVERSION = YES;
				CLANG_WARN_DIRECT_OBJC_ISA_USAGE = YES_ERROR;
				CLANG_WARN_DOCUMENTATION_COMMENTS = YES;
				CLANG_WARN_EMPTY_BODY = YES;
				CLANG_WARN_ENUM_CONVERSION = YES;
				CLANG_WARN_INFINITE_RECURSION = YES;
				CLANG_WARN_INT_CONVERSION = YES;
				CLANG_WARN_NON_LITERAL_NULL_CONVERSION = YES;
				CLANG_WARN_OBJC_LITERAL_CONVERSION = YES;
				CLANG_WARN_OBJC_ROOT_CLASS = YES_ERROR;
				CLANG_WARN_RANGE_LOOP_ANALYSIS = YES;
				CLANG_WARN_STRICT_PROTOTYPES = YES;
				CLANG_WARN_SUSPICIOUS_MOVE = YES;
				CLANG_WARN_UNGUARDED_AVAILABILITY = YES_AGGRESSIVE;
				CLANG_WARN_UNREACHABLE_CODE = YES;
				CLANG_WARN__DUPLICATE_METHOD_MATCH = YES;
				CODE_SIGN_IDENTITY = "iPhone Developer";
				COPY_PHASE_STRIP = NO;
				DEBUG_INFORMATION_FORMAT = dwarf;
				ENABLE_STRICT_OBJC_MSGSEND = YES;
				ENABLE_TESTABILITY = YES;
				GCC_C_LANGUAGE_STANDARD = gnu11;
				GCC_DYNAMIC_NO_PIC = NO;
				GCC_NO_COMMON_BLOCKS = YES;
				GCC_OPTIMIZATION_LEVEL = 0;
				GCC_PREPROCESSOR_DEFINITIONS = (
					"DEBUG=1",
					"$(inherited)",
				);
				GCC_WARN_64_TO_32_BIT_CONVERSION = YES;
				GCC_WARN_ABOUT_RETURN_TYPE = YES_ERROR;
				GCC_WARN_UNDECLARED_SELECTOR = YES;
				GCC_WARN_UNINITIALIZED_AUTOS = YES_AGGRESSIVE;
				GCC_WARN_UNUSED_FUNCTION = YES;
				GCC_WARN_UNUSED_VARIABLE = YES;
				IPHONEOS_DEPLOYMENT_TARGET = 11.2;
				MTL_ENABLE_DEBUG_INFO = YES;
				ONLY_ACTIVE_ARCH = YES;
				SDKROOT = iphoneos;
				SWIFT_ACTIVE_COMPILATION_CONDITIONS = DEBUG;
				SWIFT_OPTIMIZATION_LEVEL = "-Onone";
			};
			name = Debug;
		};
		DF5095472050E45D00BE31F0 /* Release */ = {
			isa = XCBuildConfiguration;
			buildSettings = {
				ALWAYS_SEARCH_USER_PATHS = NO;
				CLANG_ANALYZER_NONNULL = YES;
				CLANG_ANALYZER_NUMBER_OBJECT_CONVERSION = YES_AGGRESSIVE;
				CLANG_CXX_LANGUAGE_STANDARD = "gnu++14";
				CLANG_CXX_LIBRARY = "libc++";
				CLANG_ENABLE_MODULES = YES;
				CLANG_ENABLE_OBJC_ARC = YES;
				CLANG_WARN_BLOCK_CAPTURE_AUTORELEASING = YES;
				CLANG_WARN_BOOL_CONVERSION = YES;
				CLANG_WARN_COMMA = YES;
				CLANG_WARN_CONSTANT_CONVERSION = YES;
				CLANG_WARN_DIRECT_OBJC_ISA_USAGE = YES_ERROR;
				CLANG_WARN_DOCUMENTATION_COMMENTS = YES;
				CLANG_WARN_EMPTY_BODY = YES;
				CLANG_WARN_ENUM_CONVERSION = YES;
				CLANG_WARN_INFINITE_RECURSION = YES;
				CLANG_WARN_INT_CONVERSION = YES;
				CLANG_WARN_NON_LITERAL_NULL_CONVERSION = YES;
				CLANG_WARN_OBJC_LITERAL_CONVERSION = YES;
				CLANG_WARN_OBJC_ROOT_CLASS = YES_ERROR;
				CLANG_WARN_RANGE_LOOP_ANALYSIS = YES;
				CLANG_WARN_STRICT_PROTOTYPES = YES;
				CLANG_WARN_SUSPICIOUS_MOVE = YES;
				CLANG_WARN_UNGUARDED_AVAILABILITY = YES_AGGRESSIVE;
				CLANG_WARN_UNREACHABLE_CODE = YES;
				CLANG_WARN__DUPLICATE_METHOD_MATCH = YES;
				CODE_SIGN_IDENTITY = "iPhone Developer";
				COPY_PHASE_STRIP = NO;
				DEBUG_INFORMATION_FORMAT = "dwarf-with-dsym";
				ENABLE_NS_ASSERTIONS = NO;
				ENABLE_STRICT_OBJC_MSGSEND = YES;
				GCC_C_LANGUAGE_STANDARD = gnu11;
				GCC_NO_COMMON_BLOCKS = YES;
				GCC_WARN_64_TO_32_BIT_CONVERSION = YES;
				GCC_WARN_ABOUT_RETURN_TYPE = YES_ERROR;
				GCC_WARN_UNDECLARED_SELECTOR = YES;
				GCC_WARN_UNINITIALIZED_AUTOS = YES_AGGRESSIVE;
				GCC_WARN_UNUSED_FUNCTION = YES;
				GCC_WARN_UNUSED_VARIABLE = YES;
				IPHONEOS_DEPLOYMENT_TARGET = 11.2;
				MTL_ENABLE_DEBUG_INFO = NO;
				SDKROOT = iphoneos;
				SWIFT_OPTIMIZATION_LEVEL = "-Owholemodule";
				VALIDATE_PRODUCT = YES;
			};
			name = Release;
		};
		DF5095492050E45D00BE31F0 /* Debug */ = {
			isa = XCBuildConfiguration;
			baseConfigurationReference = BA66262BC0A7680A3DE2FA87 /* Pods-WeatherGift.debug.xcconfig */;
			buildSettings = {
				ASSETCATALOG_COMPILER_APPICON_NAME = AppIcon;
				CODE_SIGN_STYLE = Automatic;
				DEVELOPMENT_TEAM = JKYBR23LG3;
				INFOPLIST_FILE = WeatherGift/Info.plist;
				LD_RUNPATH_SEARCH_PATHS = "$(inherited) @executable_path/Frameworks";
				PRODUCT_BUNDLE_IDENTIFIER = com.Anthony.WeatherGift;
				PRODUCT_NAME = "$(TARGET_NAME)";
				SWIFT_VERSION = 4.0;
				TARGETED_DEVICE_FAMILY = "1,2";
			};
			name = Debug;
		};
		DF50954A2050E45D00BE31F0 /* Release */ = {
			isa = XCBuildConfiguration;
			baseConfigurationReference = C6640DD7EF2BC30A6B6FB366 /* Pods-WeatherGift.release.xcconfig */;
			buildSettings = {
				ASSETCATALOG_COMPILER_APPICON_NAME = AppIcon;
				CODE_SIGN_STYLE = Automatic;
				DEVELOPMENT_TEAM = JKYBR23LG3;
				INFOPLIST_FILE = WeatherGift/Info.plist;
				LD_RUNPATH_SEARCH_PATHS = "$(inherited) @executable_path/Frameworks";
				PRODUCT_BUNDLE_IDENTIFIER = com.Anthony.WeatherGift;
				PRODUCT_NAME = "$(TARGET_NAME)";
				SWIFT_VERSION = 4.0;
				TARGETED_DEVICE_FAMILY = "1,2";
			};
			name = Release;
		};
		DF50954C2050E45D00BE31F0 /* Debug */ = {
			isa = XCBuildConfiguration;
			baseConfigurationReference = B76202FF572074134A36DB30 /* Pods-WeatherGiftTests.debug.xcconfig */;
			buildSettings = {
				ALWAYS_EMBED_SWIFT_STANDARD_LIBRARIES = YES;
				BUNDLE_LOADER = "$(TEST_HOST)";
				CODE_SIGN_STYLE = Automatic;
				DEVELOPMENT_TEAM = JKYBR23LG3;
				INFOPLIST_FILE = WeatherGiftTests/Info.plist;
				LD_RUNPATH_SEARCH_PATHS = "$(inherited) @executable_path/Frameworks @loader_path/Frameworks";
				PRODUCT_BUNDLE_IDENTIFIER = com.Anthony.WeatherGiftTests;
				PRODUCT_NAME = "$(TARGET_NAME)";
				SWIFT_VERSION = 4.0;
				TARGETED_DEVICE_FAMILY = "1,2";
				TEST_HOST = "$(BUILT_PRODUCTS_DIR)/WeatherGift.app/WeatherGift";
			};
			name = Debug;
		};
		DF50954D2050E45D00BE31F0 /* Release */ = {
			isa = XCBuildConfiguration;
			baseConfigurationReference = B6F96F02BC96F0A28C17A5ED /* Pods-WeatherGiftTests.release.xcconfig */;
			buildSettings = {
				ALWAYS_EMBED_SWIFT_STANDARD_LIBRARIES = YES;
				BUNDLE_LOADER = "$(TEST_HOST)";
				CODE_SIGN_STYLE = Automatic;
				DEVELOPMENT_TEAM = JKYBR23LG3;
				INFOPLIST_FILE = WeatherGiftTests/Info.plist;
				LD_RUNPATH_SEARCH_PATHS = "$(inherited) @executable_path/Frameworks @loader_path/Frameworks";
				PRODUCT_BUNDLE_IDENTIFIER = com.Anthony.WeatherGiftTests;
				PRODUCT_NAME = "$(TARGET_NAME)";
				SWIFT_VERSION = 4.0;
				TARGETED_DEVICE_FAMILY = "1,2";
				TEST_HOST = "$(BUILT_PRODUCTS_DIR)/WeatherGift.app/WeatherGift";
			};
			name = Release;
		};
		DF50954F2050E45D00BE31F0 /* Debug */ = {
			isa = XCBuildConfiguration;
			baseConfigurationReference = E0F8A8791AE6A69B488C1423 /* Pods-WeatherGiftUITests.debug.xcconfig */;
			buildSettings = {
				ALWAYS_EMBED_SWIFT_STANDARD_LIBRARIES = YES;
				CODE_SIGN_STYLE = Automatic;
				DEVELOPMENT_TEAM = JKYBR23LG3;
				INFOPLIST_FILE = WeatherGiftUITests/Info.plist;
				LD_RUNPATH_SEARCH_PATHS = "$(inherited) @executable_path/Frameworks @loader_path/Frameworks";
				PRODUCT_BUNDLE_IDENTIFIER = com.Anthony.WeatherGiftUITests;
				PRODUCT_NAME = "$(TARGET_NAME)";
				SWIFT_VERSION = 4.0;
				TARGETED_DEVICE_FAMILY = "1,2";
				TEST_TARGET_NAME = WeatherGift;
			};
			name = Debug;
		};
		DF5095502050E45D00BE31F0 /* Release */ = {
			isa = XCBuildConfiguration;
			baseConfigurationReference = 1922ED591A684E65E9FBA7D8 /* Pods-WeatherGiftUITests.release.xcconfig */;
			buildSettings = {
				ALWAYS_EMBED_SWIFT_STANDARD_LIBRARIES = YES;
				CODE_SIGN_STYLE = Automatic;
				DEVELOPMENT_TEAM = JKYBR23LG3;
				INFOPLIST_FILE = WeatherGiftUITests/Info.plist;
				LD_RUNPATH_SEARCH_PATHS = "$(inherited) @executable_path/Frameworks @loader_path/Frameworks";
				PRODUCT_BUNDLE_IDENTIFIER = com.Anthony.WeatherGiftUITests;
				PRODUCT_NAME = "$(TARGET_NAME)";
				SWIFT_VERSION = 4.0;
				TARGETED_DEVICE_FAMILY = "1,2";
				TEST_TARGET_NAME = WeatherGift;
			};
			name = Release;
		};
/* End XCBuildConfiguration section */

/* Begin XCConfigurationList section */
		DF50951B2050E45D00BE31F0 /* Build configuration list for PBXProject "WeatherGift" */ = {
			isa = XCConfigurationList;
			buildConfigurations = (
				DF5095462050E45D00BE31F0 /* Debug */,
				DF5095472050E45D00BE31F0 /* Release */,
			);
			defaultConfigurationIsVisible = 0;
			defaultConfigurationName = Release;
		};
		DF5095482050E45D00BE31F0 /* Build configuration list for PBXNativeTarget "WeatherGift" */ = {
			isa = XCConfigurationList;
			buildConfigurations = (
				DF5095492050E45D00BE31F0 /* Debug */,
				DF50954A2050E45D00BE31F0 /* Release */,
			);
			defaultConfigurationIsVisible = 0;
			defaultConfigurationName = Release;
		};
		DF50954B2050E45D00BE31F0 /* Build configuration list for PBXNativeTarget "WeatherGiftTests" */ = {
			isa = XCConfigurationList;
			buildConfigurations = (
				DF50954C2050E45D00BE31F0 /* Debug */,
				DF50954D2050E45D00BE31F0 /* Release */,
			);
			defaultConfigurationIsVisible = 0;
			defaultConfigurationName = Release;
		};
		DF50954E2050E45D00BE31F0 /* Build configuration list for PBXNativeTarget "WeatherGiftUITests" */ = {
			isa = XCConfigurationList;
			buildConfigurations = (
				DF50954F2050E45D00BE31F0 /* Debug */,
				DF5095502050E45D00BE31F0 /* Release */,
			);
			defaultConfigurationIsVisible = 0;
			defaultConfigurationName = Release;
		};
/* End XCConfigurationList section */
	};
	rootObject = DF5095182050E45D00BE31F0 /* Project object */;
}
